version = 1
revision = 3
requires-python = ">=3.13, <3.15"

[[package]]
name = "allure-pytest"
version = "2.16.0"
source = { registry = "https://pypi.az.cellosign.com/cellosign/dev/simple" }
dependencies = [
    { name = "allure-python-commons" },
    { name = "pytest" },
]
sdist = { url = "https://pypi.az.cellosign.com/cellosign/dev/packages/allure-pytest/allure_pytest-2.16.0.tar.gz", hash = "sha256:3cc883595b1ce4280b0b9a5fdaa0ce3bb5cdbaa1b43c7269d8b82e825e6e107c" }
wheels = [
    { url = "https://pypi.az.cellosign.com/cellosign/dev/packages/allure-pytest/allure_pytest-2.16.0-py3-none-any.whl", hash = "sha256:e5035a3b1f541b0c2ee566822df6fec20e0628b8536780e5bdfe39060ac0c71b" },
]

[[package]]
name = "allure-python-commons"
version = "2.16.0"
source = { registry = "https://pypi.az.cellosign.com/cellosign/dev/simple" }
dependencies = [
    { name = "attrs" },
    { name = "pluggy" },
]
sdist = { url = "https://pypi.az.cellosign.com/cellosign/dev/packages/allure-python-commons/allure_python_commons-2.16.0.tar.gz", hash = "sha256:ecdc92bafea074bab96b5f2c4eb3100825340188f5aece608ae80eced709b36f" }
wheels = [
    { url = "https://pypi.az.cellosign.com/cellosign/dev/packages/allure-python-commons/allure_python_commons-2.16.0-py3-none-any.whl", hash = "sha256:6d42a500078aca8a2e68823075c1ffc2396987bb268d62b19af82390b205ce88" },
]

[[package]]
name = "attrs"
version = "26.1.0"
source = { registry = "https://pypi.az.cellosign.com/cellosign/dev/simple" }
sdist = { url = "https://pypi.az.cellosign.com/cellosign/dev/packages/attrs/attrs-26.1.0.tar.gz", hash = "sha256:d03ceb89cb322a8fd706d4fb91940737b6642aa36998fe130a9bc96c985eff32" }
wheels = [
    { url = "https://pypi.az.cellosign.com/cellosign/dev/packages/attrs/attrs-26.1.0-py3-none-any.whl", hash = "sha256:c647aa4a12dfbad9333ca4e71fe62ddc36f4e63b2d260a37a8b83d2f043ac309" },
]

[[package]]
name = "colorama"
version = "0.4.6"
source = { registry = "https://pypi.az.cellosign.com/cellosign/dev/simple" }
sdist = { url = "https://pypi.az.cellosign.com/cellosign/dev/packages/colorama/colorama-0.4.6.tar.gz", hash = "sha256:08695f5cb7ed6e0531a20572697297273c47b8cae5a63ffc6d6ed5c201be6e44" }
wheels = [
    { url = "https://pypi.az.cellosign.com/cellosign/dev/packages/colorama/colorama-0.4.6-py2.py3-none-any.whl", hash = "sha256:4f1d9991f5acc0ca119f9d443620b77f9d6b33703e51011c16baf57afb285fc6" },
]

[[package]]
name = "coverage"
version = "7.14.3"
source = { registry = "https://pypi.az.cellosign.com/cellosign/dev/simple" }
sdist = { url = "https://pypi.az.cellosign.com/cellosign/dev/packages/coverage/coverage-7.14.3.tar.gz", hash = "sha256:1a7563a443f3d53fdeb040ec8c9f7466aed7ca3dc5891aa09d3ca3625fa4387f" }
wheels = [
    { url = "https://pypi.az.cellosign.com/cellosign/dev/packages/coverage/coverage-7.14.3-cp313-cp313-macosx_10_13_x86_64.whl", hash = "sha256:47968988b367990ae4ab17523790c38cd125e02c6bfd379b6022be2d40bdc38c" },
    { url = "https://pypi.az.cellosign.com/cellosign/dev/packages/coverage/coverage-7.14.3-cp313-cp313-macosx_11_0_arm64.whl", hash = "sha256:0ee68f5c34812780f3a7063382c0a9fcbb99985b7ddcdcaa626e4f3fb2e0783a" },
    { url = "https://pypi.az.cellosign.com/cellosign/dev/packages/coverage/coverage-7.14.3-cp313-cp313-manylinux1_i686.manylinux_2_28_i686.manylinux_2_5_i686.whl", hash = "sha256:fa9e5c6857a7e80fa22ace5cf3550ae392bbfc322f1d8dd2d2d5a8be38cec027" },
    { url = "https://pypi.az.cellosign.com/cellosign/dev/packages/coverage/coverage-7.14.3-cp313-cp313-manylinux1_x86_64.manylinux_2_28_x86_64.manylinux_2_5_x86_64.whl", hash = "sha256:98a0859b0e98e43e1178a9402e19c8127766b14f7109a374d976e5a62c0e5c73" },
    { url = "https://pypi.az.cellosign.com/cellosign/dev/packages/coverage/coverage-7.14.3-cp313-cp313-manylinux2014_aarch64.manylinux_2_17_aarch64.manylinux_2_28_aarch64.whl", hash = "sha256:69918344541ed9c8368566c2adc03c0e33d4550d7faa87d1b35e49b6a3286ea9" },
    { url = "https://pypi.az.cellosign.com/cellosign/dev/packages/coverage/coverage-7.14.3-cp313-cp313-manylinux2014_ppc64le.manylinux_2_17_ppc64le.manylinux_2_28_ppc64le.whl", hash = "sha256:b7f300ac92cd4b570724c8ffbbd0c130fee298d2447f41d5a3abf58976fae1de" },
    { url = "https://pypi.az.cellosign.com/cellosign/dev/packages/coverage/coverage-7.14.3-cp313-cp313-manylinux_2_31_riscv64.manylinux_2_39_riscv64.whl", hash = "sha256:11a7ec9f97ab950f4c5af62229befc7faf208fdbc0116d3902d7e306cf2c5abd" },
    { url = "https://pypi.az.cellosign.com/cellosign/dev/packages/coverage/coverage-7.14.3-cp313-cp313-musllinux_1_2_aarch64.whl", hash = "sha256:a571bd889cd36c5922ce8e42e059f9d37d02301531d11374afa4c87a578625d5" },
    { url = "https://pypi.az.cellosign.com/cellosign/dev/packages/coverage/coverage-7.14.3-cp313-cp313-musllinux_1_2_i686.whl", hash = "sha256:de76caefc8deabb0dd1678b6a980be97d14c8d87e213ac194dbf8b09e96d63fb" },
    { url = "https://pypi.az.cellosign.com/cellosign/dev/packages/coverage/coverage-7.14.3-cp313-cp313-musllinux_1_2_ppc64le.whl", hash = "sha256:d20a15c622194234161535459affa8f7905830391c9ccfa060d495dbfe3a1c7f" },
    { url = "https://pypi.az.cellosign.com/cellosign/dev/packages/coverage/coverage-7.14.3-cp313-cp313-musllinux_1_2_riscv64.whl", hash = "sha256:b488bd4b23397db62e7a9459129d01ff06a846582a732efd24834b24a6ada498" },
    { url = "https://pypi.az.cellosign.com/cellosign/dev/packages/coverage/coverage-7.14.3-cp313-cp313-musllinux_1_2_x86_64.whl", hash = "sha256:6a3693b4153394d265f44fb855fdc80e72403024d4d6f91c4871b334d028e4e0" },
    { url = "https://pypi.az.cellosign.com/cellosign/dev/packages/coverage/coverage-7.14.3-cp313-cp313-win32.whl", hash = "sha256:338b19131ab1a6b767b462bfcbaa692e7ae22f24463e39d49b02a83410ff6b37" },
    { url = "https://pypi.az.cellosign.com/cellosign/dev/packages/coverage/coverage-7.14.3-cp313-cp313-win_amd64.whl", hash = "sha256:b3d77f7f196abdef7e01415de1bce09f216189e83e58159cfeef2b92d0464994" },
    { url = "https://pypi.az.cellosign.com/cellosign/dev/packages/coverage/coverage-7.14.3-cp313-cp313-win_arm64.whl", hash = "sha256:e6230e688c7c3e65cedd41a774eb4ec221adc6bfee13768231015b702d5e4150" },
    { url = "https://pypi.az.cellosign.com/cellosign/dev/packages/coverage/coverage-7.14.3-cp314-cp314-macosx_10_15_x86_64.whl", hash = "sha256:605ab2b566a22bd94834529d66d295c364aba84afd3e5498285c7a524017b1fc" },
    { url = "https://pypi.az.cellosign.com/cellosign/dev/packages/coverage/coverage-7.14.3-cp314-cp314-macosx_11_0_arm64.whl", hash = "sha256:a3c2134809e80fac091bfed18a6991b5a5eb5df5ae32b17ac4f4f99864b73dd7" },
    { url = "https://pypi.az.cellosign.com/cellosign/dev/packages/coverage/coverage-7.14.3-cp314-cp314-manylinux1_i686.manylinux_2_28_i686.manylinux_2_5_i686.whl", hash = "sha256:c02efd507227bde9969cab0db8f48890eb3b5dcad6afac57a4792df4133543ce" },
    { url = "https://pypi.az.cellosign.com/cellosign/dev/packages/coverage/coverage-7.14.3-cp314-cp314-manylinux1_x86_64.manylinux_2_28_x86_64.manylinux_2_5_x86_64.whl", hash = "sha256:1bb93c2aa61d2a5b38f1526546d95cf4132cb681e541a337bf8dfd092be816e5" },
    { url = "https://pypi.az.cellosign.com/cellosign/dev/packages/coverage/coverage-7.14.3-cp314-cp314-manylinux2014_aarch64.manylinux_2_17_aarch64.manylinux_2_28_aarch64.whl", hash = "sha256:f502e948e03e866538048bba081c075caaa62e5bda6ea5b7432e45f587eb462a" },
    { url = "https://pypi.az.cellosign.com/cellosign/dev/packages/coverage/coverage-7.14.3-cp314-cp314-manylinux2014_ppc64le.manylinux_2_17_ppc64le.manylinux_2_28_ppc64le.whl", hash = "sha256:9973ef2463f8e6cfb61a6324126bb3e17d67a85f22f58d856e583ea2e3ca6501" },
    { url = "https://pypi.az.cellosign.com/cellosign/dev/packages/coverage/coverage-7.14.3-cp314-cp314-manylinux_2_31_riscv64.manylinux_2_39_riscv64.whl", hash = "sha256:9be4e7d4c5ca0427889f8f9d614bd630c2be741b1de7699bca3b2b6c0e41003e" },
    { url = "https://pypi.az.cellosign.com/cellosign/dev/packages/coverage/coverage-7.14.3-cp314-cp314-musllinux_1_2_aarch64.whl", hash = "sha256:a574912f3bde4b0619f6e97d01aa590b70998859244793769eb3a6df78ee56d3" },
    { url = "https://pypi.az.cellosign.com/cellosign/dev/packages/coverage/coverage-7.14.3-cp314-cp314-musllinux_1_2_i686.whl", hash = "sha256:e343fb086c9cd780b38622fea7c369acd64c1a0724312149b5d769c387a2b1f5" },
    { url = "https://pypi.az.cellosign.com/cellosign/dev/packages/coverage/coverage-7.14.3-cp314-cp314-musllinux_1_2_ppc64le.whl", hash = "sha256:3c68df8e61f1e09633fefc7538297145623957a048534368c9d212782aa5e845" },
    { url = "https://pypi.az.cellosign.com/cellosign/dev/packages/coverage/coverage-7.14.3-cp314-cp314-musllinux_1_2_riscv64.whl", hash = "sha256:3e5b550a128419373c2f6cec28a244207013ef15f5cbcff6a5ca09d1dfaaf027" },
    { url = "https://pypi.az.cellosign.com/cellosign/dev/packages/coverage/coverage-7.14.3-cp314-cp314-musllinux_1_2_x86_64.whl", hash = "sha256:2bfc4dd0a912329eccc7484a7d0b2a38032b38c40663b1e1ac595f10c457954b" },
    { url = "https://pypi.az.cellosign.com/cellosign/dev/packages/coverage/coverage-7.14.3-cp314-cp314-win32.whl", hash = "sha256:0423d64c013057a06e70f070f073cec4b0cbc7d2b27f3c7007292f2ff1d52965" },
    { url = "https://pypi.az.cellosign.com/cellosign/dev/packages/coverage/coverage-7.14.3-cp314-cp314-win_amd64.whl", hash = "sha256:92c22e19ce64ca3f2ad751f16f14df1468b4c231bd6af97185063a9c292a0cb3" },
    { url = "https://pypi.az.cellosign.com/cellosign/dev/packages/coverage/coverage-7.14.3-cp314-cp314-win_arm64.whl", hash = "sha256:41de778bd41780586e2b04912079c73089ab5d839624e28db3bdb26de638da92" },
    { url = "https://pypi.az.cellosign.com/cellosign/dev/packages/coverage/coverage-7.14.3-cp314-cp314t-macosx_10_15_x86_64.whl", hash = "sha256:8427f370ca67db4c975d2a26acfc0e5783ca0b52444dbc50278ace0f35445949" },
    { url = "https://pypi.az.cellosign.com/cellosign/dev/packages/coverage/coverage-7.14.3-cp314-cp314t-macosx_11_0_arm64.whl", hash = "sha256:d8e88f335544a47e22ae2e45b344772925ec65166555c958720d5ed971880891" },
    { url = "https://pypi.az.cellosign.com/cellosign/dev/packages/coverage/coverage-7.14.3-cp314-cp314t-manylinux1_i686.manylinux_2_28_i686.manylinux_2_5_i686.whl", hash = "sha256:beaab199b9e5ceaf5a225e16a9d4df136f2a1eae0a5c20de1e277c8a5225f388" },
    { url = "https://pypi.az.cellosign.com/cellosign/dev/packages/coverage/coverage-7.14.3-cp314-cp314t-manylinux1_x86_64.manylinux_2_28_x86_64.manylinux_2_5_x86_64.whl", hash = "sha256:b3ff255799f5a1676c71c1c32ec01fd043aa09d57b3d95764b24992757184784" },
    { url = "https://pypi.az.cellosign.com/cellosign/dev/packages/coverage/coverage-7.14.3-cp314-cp314t-manylinux2014_aarch64.manylinux_2_17_aarch64.manylinux_2_28_aarch64.whl", hash = "sha256:878832eaac515b62decfa76965aed558775f86bf1fc8cca76993c0c84ae31aed" },
    { url = "https://pypi.az.cellosign.com/cellosign/dev/packages/coverage/coverage-7.14.3-cp314-cp314t-manylinux2014_ppc64le.manylinux_2_17_ppc64le.manylinux_2_28_ppc64le.whl", hash = "sha256:611e62cb9386096d81b63e0a05330750268617231e7bd598e1fe77482a2c58a5" },
    { url = "https://pypi.az.cellosign.com/cellosign/dev/packages/coverage/coverage-7.14.3-cp314-cp314t-manylinux_2_31_riscv64.manylinux_2_39_riscv64.whl", hash = "sha256:02c41de2a88011b893050fc9830267d927a50a215f7ad5ec17349db7090ccf26" },
    { url = "https://pypi.az.cellosign.com/cellosign/dev/packages/coverage/coverage-7.14.3-cp314-cp314t-musllinux_1_2_aarch64.whl", hash = "sha256:526ce9721116af23b1065089f0b75046fe521e7772ab94b641cd66b7a0421889" },
    { url = "https://pypi.az.cellosign.com/cellosign/dev/packages/coverage/coverage-7.14.3-cp314-cp314t-musllinux_1_2_i686.whl", hash = "sha256:e4ed44705ca4bead6fc977a8b741f2145608289b33c8a9b42a95d0f15aedbf4d" },
    { url = "https://pypi.az.cellosign.com/cellosign/dev/packages/coverage/coverage-7.14.3-cp314-cp314t-musllinux_1_2_ppc64le.whl", hash = "sha256:2415902f385a23dcc4ccd26e0ba803249a169af6a930c003a4c715eeb9a5444e" },
    { url = "https://pypi.az.cellosign.com/cellosign/dev/packages/coverage/coverage-7.14.3-cp314-cp314t-musllinux_1_2_riscv64.whl", hash = "sha256:b75ee850fc2d7c831e883220c445b035f2224de2ba6103f1e56dbd237ab913f7" },
    { url = "https://pypi.az.cellosign.com/cellosign/dev/packages/coverage/coverage-7.14.3-cp314-cp314t-musllinux_1_2_x86_64.whl", hash = "sha256:dc9b4e35e7c3920e925ba7f14886fd5fbe481232754624e832ddba66c7535635" },
    { url = "https://pypi.az.cellosign.com/cellosign/dev/packages/coverage/coverage-7.14.3-cp314-cp314t-win32.whl", hash = "sha256:7b27c822a8161afbe48e99f1adfb098d270ae7e0f7d7b0555ce110529bdb69cc" },
    { url = "https://pypi.az.cellosign.com/cellosign/dev/packages/coverage/coverage-7.14.3-cp314-cp314t-win_amd64.whl", hash = "sha256:39e1dbbb6ff2c338e0196a482558a792a1de3aa64261196f5cdb3da016ad9cda" },
    { url = "https://pypi.az.cellosign.com/cellosign/dev/packages/coverage/coverage-7.14.3-cp314-cp314t-win_arm64.whl", hash = "sha256:68520c90babfa2d560eca6d497921ed3a4f469623bd709733124491b2aa8ef3f" },
    { url = "https://pypi.az.cellosign.com/cellosign/dev/packages/coverage/coverage-7.14.3-py3-none-any.whl", hash = "sha256:fb7e18afb6e903c1a92401a2f0501ac277dca527bb9ca6fe1f691a8a0026a0e8" },
]

[[package]]
name = "flake8"
version = "7.3.0"
source = { registry = "https://pypi.az.cellosign.com/cellosign/dev/simple" }
dependencies = [
    { name = "mccabe" },
    { name = "pycodestyle" },
    { name = "pyflakes" },
]
sdist = { url = "https://pypi.az.cellosign.com/cellosign/dev/packages/flake8/flake8-7.3.0.tar.gz", hash = "sha256:fe044858146b9fc69b551a4b490d69cf960fcb78ad1edcb84e7fbb1b4a8e3872" }
wheels = [
    { url = "https://pypi.az.cellosign.com/cellosign/dev/packages/flake8/flake8-7.3.0-py2.py3-none-any.whl", hash = "sha256:b9696257b9ce8beb888cdbe31cf885c90d31928fe202be0889a7cdafad32f01e" },
]

[[package]]
name = "flake8-bugbear"
version = "25.11.29"
source = { registry = "https://pypi.az.cellosign.com/cellosign/dev/simple" }
dependencies = [
    { name = "attrs" },
    { name = "flake8" },
]
sdist = { url = "https://pypi.az.cellosign.com/cellosign/dev/packages/flake8-bugbear/flake8_bugbear-25.11.29.tar.gz", hash = "sha256:b5d06710f3d26e595541ad303ad4d5cb52578bd4bccbb2c2c0b2c72e243dafc8" }
wheels = [
    { url = "https://pypi.az.cellosign.com/cellosign/dev/packages/flake8-bugbear/flake8_bugbear-25.11.29-py3-none-any.whl", hash = "sha256:9bf15e2970e736d2340da4c0a70493db964061c9c38f708cfe1f7b2d87392298" },
]

[[package]]
name = "flake8-builtins"
version = "3.1.0"
source = { registry = "https://pypi.az.cellosign.com/cellosign/dev/simple" }
dependencies = [
    { name = "flake8" },
]
sdist = { url = "https://pypi.az.cellosign.com/cellosign/dev/packages/flake8-builtins/flake8_builtins-3.1.0.tar.gz", hash = "sha256:10d29d7a81ba6546a26461e83ce1936644764a678ff6337b97a894ebc4db07c1" }
wheels = [
    { url = "https://pypi.az.cellosign.com/cellosign/dev/packages/flake8-builtins/flake8_builtins-3.1.0-py3-none-any.whl", hash = "sha256:ac09803ddfcce7f67899d24b1ecf4f4bff303d8ebc07a0dde4a2a587cf9d9363", size = 18892 },
]

[[package]]
name = "flake8-comprehensions"
version = "3.17.0"
source = { registry = "https://pypi.az.cellosign.com/cellosign/dev/simple" }
dependencies = [
    { name = "flake8" },
]
sdist = { url = "https://pypi.az.cellosign.com/cellosign/dev/packages/flake8-comprehensions/flake8_comprehensions-3.17.0.tar.gz", hash = "sha256:bf4fa102b2bf4d6c9e999e29e4b2724cbadffb70b937600fc782161be4dc0f4a" }
wheels = [
    { url = "https://pypi.az.cellosign.com/cellosign/dev/packages/flake8-comprehensions/flake8_comprehensions-3.17.0-py3-none-any.whl", hash = "sha256:3943a9c6f2593c3bc5cc64106c2f89d63c6ecd49c8343597f8257b8fcfc8b0a2", size = 8185 },
]

[[package]]
name = "flake8-deprecated"
version = "2.3.0"
source = { registry = "https://pypi.az.cellosign.com/cellosign/dev/simple" }
dependencies = [
    { name = "flake8" },
]
sdist = { url = "https://pypi.az.cellosign.com/cellosign/dev/packages/flake8-deprecated/flake8_deprecated-2.3.0.tar.gz", hash = "sha256:84cdb63f735ba976d41b263eac6cbee65bfab211f8748725d4e9dd95017dd1a7" }
wheels = [
    { url = "https://pypi.az.cellosign.com/cellosign/dev/packages/flake8-deprecated/flake8_deprecated-2.3.0-py3-none-any.whl", hash = "sha256:ba8beef9cae149cad79bb4898aef6137876dea1f462548d8583a91f864ff2c8d", size = 17388 },
]

[[package]]
name = "flake8-docstrings"
version = "1.7.0"
source = { registry = "https://pypi.az.cellosign.com/cellosign/dev/simple" }
dependencies = [
    { name = "flake8" },
    { name = "pydocstyle" },
]
sdist = { url = "https://pypi.az.cellosign.com/cellosign/dev/packages/flake8-docstrings/flake8_docstrings-1.7.0.tar.gz", hash = "sha256:4c8cc748dc16e6869728699e5d0d685da9a10b0ea718e090b1ba088e67a941af" }
wheels = [
    { url = "https://pypi.az.cellosign.com/cellosign/dev/packages/flake8-docstrings/flake8_docstrings-1.7.0-py2.py3-none-any.whl", hash = "sha256:51f2344026da083fc084166a9353f5082b01f72901df422f74b4d953ae88ac75", size = 4994 },
]

[[package]]
name = "flake8-isort"
version = "7.0.0"
source = { registry = "https://pypi.az.cellosign.com/cellosign/dev/simple" }
dependencies = [
    { name = "flake8" },
    { name = "isort" },
]
sdist = { url = "https://pypi.az.cellosign.com/cellosign/dev/packages/flake8-isort/flake8_isort-7.0.0.tar.gz", hash = "sha256:a677199d1197f826eb69084e7ac272f208f4583363285f43111c34272abe7e5d" }
wheels = [
    { url = "https://pypi.az.cellosign.com/cellosign/dev/packages/flake8-isort/flake8_isort-7.0.0-py3-none-any.whl", hash = "sha256:c301a0e55fc77582348e636194b84b1a0baf0dfdaa6eddf3b0eeea75f8be7f36" },
]

[[package]]
name = "flake8-linenumber"
version = "0.1.13"
source = { registry = "https://pypi.az.cellosign.com/cellosign/dev/simple" }
dependencies = [
    { name = "flake8" },
]
sdist = { url = "https://pypi.az.cellosign.com/cellosign/dev/packages/flake8-linenumber/flake8_linenumber-0.1.13.tar.gz", hash = "sha256:b5c795772f1953400f64df346fd6ae7b2f1bbf9b87a1e982e7e0face0d50b4c0" }

[[package]]
name = "flake8-plugin-utils"
version = "1.3.3"
source = { registry = "https://pypi.az.cellosign.com/cellosign/dev/simple" }
sdist = { url = "https://pypi.az.cellosign.com/cellosign/dev/packages/flake8-plugin-utils/flake8-plugin-utils-1.3.3.tar.gz", hash = "sha256:39f6f338d038b301c6fd344b06f2e81e382b68fa03c0560dff0d9b1791a11a2c" }
wheels = [
    { url = "https://pypi.az.cellosign.com/cellosign/dev/packages/flake8-plugin-utils/flake8_plugin_utils-1.3.3-py3-none-any.whl", hash = "sha256:e4848c57d9d50f19100c2d75fa794b72df068666a9041b4b0409be923356a3ed", size = 9664 },
]

[[package]]
name = "flake8-pytest-style"
version = "2.2.0"
source = { registry = "https://pypi.az.cellosign.com/cellosign/dev/simple" }
dependencies = [
    { name = "flake8-plugin-utils" },
]
sdist = { url = "https://pypi.az.cellosign.com/cellosign/dev/packages/flake8-pytest-style/flake8_pytest_style-2.2.0.tar.gz", hash = "sha256:d23a33294bccfb9f1b11aaf5212256727b299b9c9b17cf21e230c52c1095a468" }
wheels = [
    { url = "https://pypi.az.cellosign.com/cellosign/dev/packages/flake8-pytest-style/flake8_pytest_style-2.2.0-py3-none-any.whl", hash = "sha256:d01c4198a6c4e0ab759a92a0fa7710f10d83ec28e32a50ab6fb2e10f973a2f36", size = 22370 },
]

[[package]]
name = "flake8-quotes"
version = "3.4.0"
source = { registry = "https://pypi.az.cellosign.com/cellosign/dev/simple" }
dependencies = [
    { name = "flake8" },
    { name = "setuptools" },
]
sdist = { url = "https://pypi.az.cellosign.com/cellosign/dev/packages/flake8-quotes/flake8-quotes-3.4.0.tar.gz", hash = "sha256:aad8492fb710a2d3eabe68c5f86a1428de650c8484127e14c43d0504ba30276c" }

[[package]]
name = "flake8-secure-coding-standard"
version = "1.4.1"
source = { registry = "https://pypi.az.cellosign.com/cellosign/dev/simple" }
dependencies = [
    { name = "flake8" },
]
sdist = { url = "https://pypi.az.cellosign.com/cellosign/dev/packages/flake8-secure-coding-standard/flake8-secure-coding-standard-1.4.1.tar.gz", hash = "sha256:75590fba3af46028a908bad7c11e789b6c1bf78805be54f92229d3c490009bf2" }
wheels = [
    { url = "https://pypi.az.cellosign.com/cellosign/dev/packages/flake8-secure-coding-standard/flake8_secure_coding_standard-1.4.1-py2.py3-none-any.whl", hash = "sha256:65b06d6935e19c22ec457b2f9c805f083969bd33cefdbcdceee8d41abb761695", size = 14360 },
]

[[package]]
name = "iniconfig"
version = "2.3.0"
source = { registry = "https://pypi.az.cellosign.com/cellosign/dev/simple" }
sdist = { url = "https://pypi.az.cellosign.com/cellosign/dev/packages/iniconfig/iniconfig-2.3.0.tar.gz", hash = "sha256:c76315c77db068650d49c5b56314774a7804df16fee4402c1f19d6d15d8c4730" }
wheels = [
    { url = "https://pypi.az.cellosign.com/cellosign/dev/packages/iniconfig/iniconfig-2.3.0-py3-none-any.whl", hash = "sha256:f631c04d2c48c52b84d0d0549c99ff3859c98df65b3101406327ecc7d53fbf12", size = 7484 },
]

[[package]]
name = "isort"
version = "8.0.1"
source = { registry = "https://pypi.az.cellosign.com/cellosign/dev/simple" }
sdist = { url = "https://pypi.az.cellosign.com/cellosign/dev/packages/isort/isort-8.0.1.tar.gz", hash = "sha256:171ac4ff559cdc060bcfff550bc8404a486fee0caab245679c2abe7cb253c78d" }
wheels = [
    { url = "https://pypi.az.cellosign.com/cellosign/dev/packages/isort/isort-8.0.1-py3-none-any.whl", hash = "sha256:28b89bc70f751b559aeca209e6120393d43fbe2490de0559662be7a9787e3d75" },
]

[[package]]
name = "israel-bank-account-validator"
version = "1.0.4"
source = { editable = "." }

[package.dev-dependencies]
dev = [
    { name = "allure-pytest" },
    { name = "coverage" },
    { name = "flake8" },
    { name = "flake8-bugbear" },
    { name = "flake8-builtins" },
    { name = "flake8-comprehensions" },
    { name = "flake8-deprecated" },
    { name = "flake8-docstrings" },
    { name = "flake8-isort" },
    { name = "flake8-linenumber" },
    { name = "flake8-plugin-utils" },
    { name = "flake8-pytest-style" },
    { name = "flake8-quotes" },
    { name = "flake8-secure-coding-standard" },
    { name = "isort" },
    { name = "pyflakes" },
    { name = "pytest" },
    { name = "pytest-cov" },
    { name = "ruff" },
    { name = "teamcity-messages" },
]

[package.metadata]

[package.metadata.requires-dev]
dev = [
    { name = "allure-pytest", specifier = ">=2.13.2" },
    { name = "coverage" },
    { name = "flake8" },
    { name = "flake8-bugbear" },
    { name = "flake8-builtins" },
    { name = "flake8-comprehensions" },
    { name = "flake8-deprecated" },
    { name = "flake8-docstrings" },
    { name = "flake8-isort" },
    { name = "flake8-linenumber" },
    { name = "flake8-plugin-utils" },
    { name = "flake8-pytest-style" },
    { name = "flake8-quotes" },
    { name = "flake8-secure-coding-standard" },
    { name = "isort" },
    { name = "pyflakes" },
    { name = "pytest", specifier = ">=8.2.2" },
    { name = "pytest-cov", specifier = ">=4.0.0" },
    { name = "ruff", specifier = ">=0.4.0" },
    { name = "teamcity-messages", specifier = ">=1.30" },
]

[[package]]
name = "mccabe"
version = "0.7.0"
source = { registry = "https://pypi.az.cellosign.com/cellosign/dev/simple" }
sdist = { url = "https://pypi.az.cellosign.com/cellosign/dev/packages/mccabe/mccabe-0.7.0.tar.gz", hash = "sha256:348e0240c33b60bbdf4e523192ef919f28cb2c3d7d5c7794f74009290f236325" }
wheels = [
    { url = "https://pypi.az.cellosign.com/cellosign/dev/packages/mccabe/mccabe-0.7.0-py2.py3-none-any.whl", hash = "sha256:6c2d30ab6be0e4a46919781807b4f0d834ebdd6c6e3dca0bda5a15f863427b6e", size = 7350 },
]

[[package]]
name = "packaging"
version = "26.2"
source = { registry = "https://pypi.az.cellosign.com/cellosign/dev/simple" }
sdist = { url = "https://pypi.az.cellosign.com/cellosign/dev/packages/packaging/packaging-26.2.tar.gz", hash = "sha256:ff452ff5a3e828ce110190feff1178bb1f2ea2281fa2075aadb987c2fb221661" }
wheels = [
    { url = "https://pypi.az.cellosign.com/cellosign/dev/packages/packaging/packaging-26.2-py3-none-any.whl", hash = "sha256:5fc45236b9446107ff2415ce77c807cee2862cb6fac22b8a73826d0693b0980e" },
]

[[package]]
name = "pluggy"
version = "1.6.0"
source = { registry = "https://pypi.az.cellosign.com/cellosign/dev/simple" }
sdist = { url = "https://pypi.az.cellosign.com/cellosign/dev/packages/pluggy/pluggy-1.6.0.tar.gz", hash = "sha256:7dcc130b76258d33b90f61b658791dede3486c3e6bfb003ee5c9bfb396dd22f3" }
wheels = [
    { url = "https://pypi.az.cellosign.com/cellosign/dev/packages/pluggy/pluggy-1.6.0-py3-none-any.whl", hash = "sha256:e920276dd6813095e9377c0bc5566d94c932c33b27a3e3945d8389c374dd4746" },
]

[[package]]
name = "pycodestyle"
version = "2.14.0"
source = { registry = "https://pypi.az.cellosign.com/cellosign/dev/simple" }
sdist = { url = "https://pypi.az.cellosign.com/cellosign/dev/packages/pycodestyle/pycodestyle-2.14.0.tar.gz", hash = "sha256:c4b5b517d278089ff9d0abdec919cd97262a3367449ea1c8b49b91529167b783" }
wheels = [
    { url = "https://pypi.az.cellosign.com/cellosign/dev/packages/pycodestyle/pycodestyle-2.14.0-py2.py3-none-any.whl", hash = "sha256:dd6bf7cb4ee77f8e016f9c8e74a35ddd9f67e1d5fd4184d86c3b98e07099f42d" },
]

[[package]]
name = "pydocstyle"
version = "6.3.0"
source = { registry = "https://pypi.az.cellosign.com/cellosign/dev/simple" }
dependencies = [
    { name = "snowballstemmer" },
]
sdist = { url = "https://pypi.az.cellosign.com/cellosign/dev/packages/pydocstyle/pydocstyle-6.3.0.tar.gz", hash = "sha256:7ce43f0c0ac87b07494eb9c0b462c0b73e6ff276807f204d6b53edc72b7e44e1" }
wheels = [
    { url = "https://pypi.az.cellosign.com/cellosign/dev/packages/pydocstyle/pydocstyle-6.3.0-py3-none-any.whl", hash = "sha256:118762d452a49d6b05e194ef344a55822987a462831ade91ec5c06fd2169d019" },
]

[[package]]
name = "pyflakes"
version = "3.4.0"
source = { registry = "https://pypi.az.cellosign.com/cellosign/dev/simple" }
sdist = { url = "https://pypi.az.cellosign.com/cellosign/dev/packages/pyflakes/pyflakes-3.4.0.tar.gz", hash = "sha256:b24f96fafb7d2ab0ec5075b7350b3d2d2218eab42003821c06344973d3ea2f58" }
wheels = [
    { url = "https://pypi.az.cellosign.com/cellosign/dev/packages/pyflakes/pyflakes-3.4.0-py2.py3-none-any.whl", hash = "sha256:f742a7dbd0d9cb9ea41e9a24a918996e8170c799fa528688d40dd582c8265f4f", size = 63551 },
]

[[package]]
name = "pygments"
version = "2.20.0"
source = { registry = "https://pypi.az.cellosign.com/cellosign/dev/simple" }
sdist = { url = "https://pypi.az.cellosign.com/cellosign/dev/packages/pygments/pygments-2.20.0.tar.gz", hash = "sha256:6757cd03768053ff99f3039c1a36d6c0aa0b263438fcab17520b30a303a82b5f" }
wheels = [
    { url = "https://pypi.az.cellosign.com/cellosign/dev/packages/pygments/pygments-2.20.0-py3-none-any.whl", hash = "sha256:81a9e26dd42fd28a23a2d169d86d7ac03b46e2f8b59ed4698fb4785f946d0176" },
]

[[package]]
name = "pytest"
version = "9.1.1"
source = { registry = "https://pypi.az.cellosign.com/cellosign/dev/simple" }
dependencies = [
    { name = "colorama", marker = "sys_platform == 'win32'" },
    { name = "iniconfig" },
    { name = "packaging" },
    { name = "pluggy" },
    { name = "pygments" },
]
sdist = { url = "https://pypi.az.cellosign.com/cellosign/dev/packages/pytest/pytest-9.1.1.tar.gz", hash = "sha256:1088fbde8f2b49d95a549a195707afa7a76a3ce9bcadc26b6d71f0ffda5fe313" }
wheels = [
    { url = "https://pypi.az.cellosign.com/cellosign/dev/packages/pytest/pytest-9.1.1-py3-none-any.whl", hash = "sha256:37a86b45efb9a47a61a36449063e8e18d0cab3161329fc099eb21783169c4f0c" },
]

[[package]]
name = "pytest-cov"
version = "7.1.0"
source = { registry = "https://pypi.az.cellosign.com/cellosign/dev/simple" }
dependencies = [
    { name = "coverage" },
    { name = "pluggy" },
    { name = "pytest" },
]
sdist = { url = "https://pypi.az.cellosign.com/cellosign/dev/packages/pytest-cov/pytest_cov-7.1.0.tar.gz", hash = "sha256:30674f2b5f6351aa09702a9c8c364f6a01c27aae0c1366ae8016160d1efc56b2" }
wheels = [
    { url = "https://pypi.az.cellosign.com/cellosign/dev/packages/pytest-cov/pytest_cov-7.1.0-py3-none-any.whl", hash = "sha256:a0461110b7865f9a271aa1b51e516c9a95de9d696734a2f71e3e78f46e1d4678" },
]

[[package]]
name = "ruff"
version = "0.15.20"
source = { registry = "https://pypi.az.cellosign.com/cellosign/dev/simple" }
sdist = { url = "https://pypi.az.cellosign.com/cellosign/dev/packages/ruff/ruff-0.15.20.tar.gz", hash = "sha256:1416eb04349192646b54de98f146c4f59afe37d0decfc02c3cbbf396f3a28566" }
wheels = [
    { url = "https://pypi.az.cellosign.com/cellosign/dev/packages/ruff/ruff-0.15.20-py3-none-linux_armv6l.whl", hash = "sha256:00e188c53e499c3c1637f73c91dcf2fb56d576cab76ce1be50a27c4e80e37078" },
    { url = "https://pypi.az.cellosign.com/cellosign/dev/packages/ruff/ruff-0.15.20-py3-none-macosx_10_12_x86_64.whl", hash = "sha256:9ebd1fd9b9c95fc0bd7b2761aebec1f030013d2e193a2901b224af68fe47251b" },
    { url = "https://pypi.az.cellosign.com/cellosign/dev/packages/ruff/ruff-0.15.20-py3-none-macosx_11_0_arm64.whl", hash = "sha256:c5b16cdd67ca108185cd36dce98c576350c03b1660a751de725fb049193a0632" },
    { url = "https://pypi.az.cellosign.com/cellosign/dev/packages/ruff/ruff-0.15.20-py3-none-manylinux_2_17_aarch64.manylinux2014_aarch64.whl", hash = "sha256:3413bb3c3d2ca6a8208f1f4809cd2dca3c6de6d0b491c0e70847672bde6e6efd" },
    { url = "https://pypi.az.cellosign.com/cellosign/dev/packages/ruff/ruff-0.15.20-py3-none-manylinux_2_17_armv7l.manylinux2014_armv7l.whl", hash = "sha256:bd7ec42b3bb3da066488db093308a69c4ac5ee6d2af333a86ba6e2eb2e7dd44b" },
    { url = "https://pypi.az.cellosign.com/cellosign/dev/packages/ruff/ruff-0.15.20-py3-none-manylinux_2_17_i686.manylinux2014_i686.whl", hash = "sha256:e1a36ad0eb77fba9aabfb69ede54de6f376d04ac18ebea022847046d340a8267" },
    { url = "https://pypi.az.cellosign.com/cellosign/dev/packages/ruff/ruff-0.15.20-py3-none-manylinux_2_17_ppc64le.manylinux2014_ppc64le.whl", hash = "sha256:b6df3b1e4610432f0386dba04d853b5f08cbbc903410c6fcc02f620f05aff53c" },
    { url = "https://pypi.az.cellosign.com/cellosign/dev/packages/ruff/ruff-0.15.20-py3-none-manylinux_2_17_s390x.manylinux2014_s390x.whl", hash = "sha256:e89f198a1ea6ef0d727c1cf16088bc91a6cb0ab947dedc966715691647186eae" },
    { url = "https://pypi.az.cellosign.com/cellosign/dev/packages/ruff/ruff-0.15.20-py3-none-manylinux_2_17_x86_64.manylinux2014_x86_64.whl", hash = "sha256:309809086c2acb67624950a3c8133e80f32d0d3e27106c0cd60ff26657c9f24b" },
    { url = "https://pypi.az.cellosign.com/cellosign/dev/packages/ruff/ruff-0.15.20-py3-none-manylinux_2_31_riscv64.whl", hash = "sha256:2d2374caa2f2c2f9e2b7da0a50802cfb8b79f55a9b5e49379f564544fbf56487" },
    { url = "https://pypi.az.cellosign.com/cellosign/dev/packages/ruff/ruff-0.15.20-py3-none-musllinux_1_2_aarch64.whl", hash = "sha256:a1ed17b65293e0c2f22fc387bc13198a5de94bf4429589b0ff6946b0feaf21a3" },
    { url = "https://pypi.az.cellosign.com/cellosign/dev/packages/ruff/ruff-0.15.20-py3-none-musllinux_1_2_armv7l.whl", hash = "sha256:f701305e66b38ea6c91882490eb73459796808e4c6362a1b765255e0cdcd4053" },
    { url = "https://pypi.az.cellosign.com/cellosign/dev/packages/ruff/ruff-0.15.20-py3-none-musllinux_1_2_i686.whl", hash = "sha256:5b9c0c367ad8e5d0d5b5b8537864c469a0a0e55417aadfbeca41fa61333be9f4" },
    { url = "https://pypi.az.cellosign.com/cellosign/dev/packages/ruff/ruff-0.15.20-py3-none-musllinux_1_2_x86_64.whl", hash = "sha256:01cc00dd58f0df339d0e902219dd53990ea99996a0344e5d9cc8d45d5307e460" },
    { url = "https://pypi.az.cellosign.com/cellosign/dev/packages/ruff/ruff-0.15.20-py3-none-win32.whl", hash = "sha256:ed65ef510e43a137207e0f01cfcf998aeddb1aeeda5c9d35023e910284d7cf21" },
    { url = "https://pypi.az.cellosign.com/cellosign/dev/packages/ruff/ruff-0.15.20-py3-none-win_amd64.whl", hash = "sha256:a525c81c70fb0380344dd1d8745d8cc1c890b7fc94a58d5a07bd8eb9557b8415" },
    { url = "https://pypi.az.cellosign.com/cellosign/dev/packages/ruff/ruff-0.15.20-py3-none-win_arm64.whl", hash = "sha256:2f5b2a6d614e8700388806a14996c40fab2c47b819ef57d790a34878858ed9ca" },
]

[[package]]
name = "setuptools"
version = "82.0.1"
source = { registry = "https://pypi.az.cellosign.com/cellosign/dev/simple" }
sdist = { url = "https://pypi.az.cellosign.com/cellosign/dev/packages/setuptools/setuptools-82.0.1.tar.gz", hash = "sha256:7d872682c5d01cfde07da7bccc7b65469d3dca203318515ada1de5eda35efbf9" }
wheels = [
    { url = "https://pypi.az.cellosign.com/cellosign/dev/packages/setuptools/setuptools-82.0.1-py3-none-any.whl", hash = "sha256:a59e362652f08dcd477c78bb6e7bd9d80a7995bc73ce773050228a348ce2e5bb" },
]

[[package]]
name = "snowballstemmer"
version = "3.1.1"
source = { registry = "https://pypi.az.cellosign.com/cellosign/dev/simple" }
sdist = { url = "https://pypi.az.cellosign.com/cellosign/dev/packages/snowballstemmer/snowballstemmer-3.1.1.tar.gz", hash = "sha256:e07bbc54a0d798fe6010a12398422e62a8bfbba95c394fd0956ef58cb4d3e260" }
wheels = [
    { url = "https://pypi.az.cellosign.com/cellosign/dev/packages/snowballstemmer/snowballstemmer-3.1.1-py3-none-any.whl", hash = "sha256:7e207fa178741da09cdee59d3ecec3827ad5f92b1fc5c9ff3755b639f71f5752" },
]

[[package]]
name = "teamcity-messages"
version = "1.33"
source = { registry = "https://pypi.az.cellosign.com/cellosign/dev/simple" }
sdist = { url = "https://pypi.az.cellosign.com/cellosign/dev/packages/teamcity-messages/teamcity_messages-1.33.tar.gz", hash = "sha256:ceb5a80105f0fb2f3b1c7840d40b3570052e6ebe921f9463a3b0a4f91631f731" }
wheels = [
    { url = "https://pypi.az.cellosign.com/cellosign/dev/packages/teamcity-messages/teamcity_messages-1.33-py3-none-any.whl", hash = "sha256:74ab9cdf8f86acd42b15fae7f8eaf6c8d7b65f694c232ca209943c288fe5daad", size = 33031 },
]
